
Microsoft Visual Studio Solution File, Format Version 12.00
# Visual Studio 2013
VisualStudioVersion = 12.0.30501.0
MinimumVisualStudioVersion = 10.0.40219.1
Project("{FAE04EC0-301F-11D3-BF4B-00C04F79EFBC}") = "HelloWorld", "HelloWorld\HelloWorld.csproj", "{0D032A2B-3FD4-4924-A361-707940A95631}"
EndProject
Project("{FAE04EC0-301F-11D3-BF4B-00C04F79EFBC}") = "HelloWorld.Windows", "HelloWorld.Windows\HelloWorld.Windows.csproj", "{81C898E0-A3DF-41F9-88D4-196C215EA943}"
EndProject
Global
	GlobalSection(SolutionConfigurationPlatforms) = preSolution
		Debug|Any CPU = Debug|Any CPU
		Release|Any CPU = Release|Any CPU
	EndGlobalSection
	GlobalSection(ProjectConfigurationPlatforms) = postSolution
		{0D032A2B-3FD4-4924-A361-707940A95631}.Debug|Any CPU.ActiveCfg = Debug|Any CPU
		{0D032A2B-3FD4-4924-A361-707940A95631}.Debug|Any CPU.Build.0 = Debug|Any CPU
		{0D032A2B-3FD4-4924-A361-707940A95631}.Release|Any CPU.ActiveCfg = Release|Any CPU
		{0D032A2B-3FD4-4924-A361-707940A95631}.Release|Any CPU.Build.0 = Release|Any CPU
		{81C898E0-A3DF-41F9-88D4-196C215EA943}.Debug|Any CPU.ActiveCfg = Debug|Any CPU
		{81C898E0-A3DF-41F9-88D4-196C215EA943}.Debug|Any CPU.Build.0 = Debug|Any CPU
		{81C898E0-A3DF-41F9-88D4-196C215EA943}.Release|Any CPU.ActiveCfg = Release|Any CPU
		{81C898E0-A3DF-41F9-88D4-196C215EA943}.Release|Any CPU.Build.0 = Release|Any CPU
	EndGlobalSection
	GlobalSection(SolutionProperties) = preSolution
		HideSolutionNode = FALSE
	EndGlobalSection
EndGlobal
